schema: '2.0'
stages:
  data_ingestion:
    cmd: python src/data_ingestion.py
    deps:
    - path: src/data_ingestion.py
      hash: md5
      md5: b1f5f0e2e61cf0638cf40e420d3b14d0
      size: 3617
    params:
      params.yaml:
        data_ingestion.test_size: 0.3
    outs:
    - path: data/raw
      hash: md5
      md5: d26befd2dda9438254177d9000d9ba1f.dir
      size: 484846
      nfiles: 2
  data_preprocessing:
    cmd: python src/data_preprocessing.py
    deps:
    - path: data/raw
      hash: md5
      md5: d26befd2dda9438254177d9000d9ba1f.dir
      size: 484846
      nfiles: 2
    - path: src/data_preprocessing.py
      hash: md5
      md5: 610d9748a8bc49fcdca81d8449820ab5
      size: 3865
    outs:
    - path: data/interim
      hash: md5
      md5: 61ca13b2e20854a1f7bacbbcfeca409e.dir
      size: 262513
      nfiles: 2
  feature_engineering:
    cmd: python src/feature_engineering.py
    deps:
    - path: data/interim
      hash: md5
      md5: 61ca13b2e20854a1f7bacbbcfeca409e.dir
      size: 262513
      nfiles: 2
    - path: src/feature_engineering.py
      hash: md5
      md5: ee8e238bc1099a711f44fd1e61161ba5
      size: 3856
    params:
      params.yaml:
        feature_engineering.max_features: 50
    outs:
    - path: data/processed
      hash: md5
      md5: 59ac4cbd8b5804b21006c57964bd0034.dir
      size: 1188089
      nfiles: 2
  model_training:
    cmd: python src/model_training.py
    deps:
    - path: data/processed
      hash: md5
      md5: 59ac4cbd8b5804b21006c57964bd0034.dir
      size: 1188089
      nfiles: 2
    - path: src/model_training.py
      hash: md5
      md5: a8e18ac65bb95b3a72a222a5b841ecba
      size: 4337
    params:
      params.yaml:
        model_training.n_estimators: 25
        model_training.random_state: 2
    outs:
    - path: models/model.pkl
      hash: md5
      md5: 02ebe08280fbdfe8f00deedb292dfa1e
      size: 899574
  model_evaluation:
    cmd: python src/model_evaluation.py
    deps:
    - path: models/model.pkl
      hash: md5
      md5: 02ebe08280fbdfe8f00deedb292dfa1e
      size: 899574
    - path: src/model_evaluation.py
      hash: md5
      md5: ab4781188093243f383d0f2ef7492bdd
      size: 3370
    outs:
    - path: reports/metrics.json
      hash: md5
      md5: 7565a6fa80ea70962478cfa42348116e
      size: 143
